
Microsoft Visual Studio Solution File, Format Version 12.00
# Visual Studio 2017
Project("{FAE04EC0-301F-11D3-BF4B-00C04F79EFBC}") = "ProKid", "ProKid.csproj", "{EA08A920-B257-D3F9-8C37-FDDD364FD9FD}"
EndProject
Global
	GlobalSection(SolutionConfigurationPlatforms) = preSolution
		Debug|Any CPU = Debug|Any CPU
		Release|Any CPU = Release|Any CPU
	EndGlobalSection
	GlobalSection(ProjectConfigurationPlatforms) = postSolution
		{EA08A920-B257-D3F9-8C37-FDDD364FD9FD}.Debug|Any CPU.ActiveCfg = Debug|Any CPU
		{EA08A920-B257-D3F9-8C37-FDDD364FD9FD}.Debug|Any CPU.Build.0 = Debug|Any CPU
		{EA08A920-B257-D3F9-8C37-FDDD364FD9FD}.Release|Any CPU.ActiveCfg = Release|Any CPU
		{EA08A920-B257-D3F9-8C37-FDDD364FD9FD}.Release|Any CPU.Build.0 = Release|Any CPU
	EndGlobalSection
	GlobalSection(SolutionProperties) = preSolution
		HideSolutionNode = FALSE
	EndGlobalSection
EndGlobal
